
Microsoft Visual Studio Solution File, Format Version 12.00
# Visual Studio Version 16
VisualStudioVersion = 16.0.30907.101
MinimumVisualStudioVersion = 10.0.40219.1
Project("{9092AA53-FB77-4645-B42D-1CCCA6BD08BD}") = "roam", "roam\roam.njsproj", "{D6E2FD0A-344B-4000-AF42-403A685E4352}"
EndProject
Global
	GlobalSection(SolutionConfigurationPlatforms) = preSolution
		Debug|Any CPU = Debug|Any CPU
		Release|Any CPU = Release|Any CPU
	EndGlobalSection
	GlobalSection(ProjectConfigurationPlatforms) = postSolution
		{D6E2FD0A-344B-4000-AF42-403A685E4352}.Debug|Any CPU.ActiveCfg = Debug|Any CPU
		{D6E2FD0A-344B-4000-AF42-403A685E4352}.Debug|Any CPU.Build.0 = Debug|Any CPU
		{D6E2FD0A-344B-4000-AF42-403A685E4352}.Release|Any CPU.ActiveCfg = Release|Any CPU
		{D6E2FD0A-344B-4000-AF42-403A685E4352}.Release|Any CPU.Build.0 = Release|Any CPU
	EndGlobalSection
	GlobalSection(SolutionProperties) = preSolution
		HideSolutionNode = FALSE
	EndGlobalSection
	GlobalSection(ExtensibilityGlobals) = postSolution
		SolutionGuid = {F9C31D90-D62C-49A8-88DE-88F8C192D715}
	EndGlobalSection
EndGlobal
